
Microsoft Visual Studio Solution File, Format Version 12.00
# Visual Studio Version 16
VisualStudioVersion = 25.0.1700.7
MinimumVisualStudioVersion = 10.0.40219.1
Project("{FAE04EC0-301F-11D3-BF4B-00C04F79EFBC}") = "MVCDemo", "MVCDemo\MVCDemo.csproj", "{067AC79C-6102-409E-B3D4-4B3ED661AA55}"
EndProject
Global
	GlobalSection(SolutionConfigurationPlatforms) = preSolution
		Debug|Any CPU = Debug|Any CPU
		Release|Any CPU = Release|Any CPU
	EndGlobalSection
	GlobalSection(ProjectConfigurationPlatforms) = postSolution
		{067AC79C-6102-409E-B3D4-4B3ED661AA55}.Debug|Any CPU.ActiveCfg = Debug|Any CPU
		{067AC79C-6102-409E-B3D4-4B3ED661AA55}.Debug|Any CPU.Build.0 = Debug|Any CPU
		{067AC79C-6102-409E-B3D4-4B3ED661AA55}.Release|Any CPU.ActiveCfg = Release|Any CPU
		{067AC79C-6102-409E-B3D4-4B3ED661AA55}.Release|Any CPU.Build.0 = Release|Any CPU
	EndGlobalSection
	GlobalSection(SolutionProperties) = preSolution
		HideSolutionNode = FALSE
	EndGlobalSection
	GlobalSection(ExtensibilityGlobals) = postSolution
		SolutionGuid = {0F3A9490-03C7-4E93-949A-338920030479}
	EndGlobalSection
EndGlobal
